# This file is automatically @generated by Poetry 2.1.1 and should not be changed by hand.

[[package]]
name = "isodate"
version = "0.7.2"
description = "An ISO 8601 date/time/duration parser and formatter"
optional = false
python-versions = ">=3.7"
groups = ["main"]
markers = "python_version < \"3.11\""
files = [
    {file = "isodate-0.7.2-py3-none-any.whl", hash = "sha256:28009937d8031054830160fce6d409ed342816b543597cece116d966c6d99e15"},
    {file = "isodate-0.7.2.tar.gz", hash = "sha256:4cd1aa0f43ca76f4a6c6c0292a85f40b35ec2e43e315b59f06e6d32171a953e6"},
]

[[package]]
name = "pyparsing"
version = "3.1.4"
description = "pyparsing module - Classes and methods to define and execute parsing grammars"
optional = false
python-versions = ">=3.6.8"
groups = ["main"]
files = [
    {file = "pyparsing-3.1.4-py3-none-any.whl", hash = "sha256:a6a7ee4235a3f944aa1fa2249307708f893fe5717dc603503c6c7969c070fb7c"},
    {file = "pyparsing-3.1.4.tar.gz", hash = "sha256:f86ec8d1a83f11977c9a6ea7598e8c27fc5cddfa5b07ea2241edbbde1d7bc032"},
]

[package.extras]
diagrams = ["jinja2", "railroad-diagrams"]

[[package]]
name = "pytqshacl"
version = "140"
description = "Python wrapper around TopQuadrant SHACL processor"
optional = false
python-versions = "*"
groups = ["main"]
files = [
    {file = "pytqshacl-140-py2.py3-none-any.whl", hash = "sha256:9af70c436dd37cacae8c0c9187a01860e05bc0c50514730930a8502c36f15fb7"},
    {file = "pytqshacl-140.tar.gz", hash = "sha256:b6849b622d2e0082ee42296cc8ee5f0cea6d2290e557017e2cf5f8ef0f6665f7"},
]

[package.extras]
cli = ["fire"]
java = ["install-jdk"]

[[package]]
name = "rdflib"
version = "7.1.1"
description = "RDFLib is a Python library for working with RDF, a simple yet powerful language for representing information."
optional = false
python-versions = "<4.0.0,>=3.8.1"
groups = ["main"]
files = [
    {file = "rdflib-7.1.1-py3-none-any.whl", hash = "sha256:e590fa9a2c34ba33a667818b5a84be3fb8a4d85868f8038f17912ec84f912a25"},
    {file = "rdflib-7.1.1.tar.gz", hash = "sha256:164de86bd3564558802ca983d84f6616a4a1a420c7a17a8152f5016076b2913e"},
]

[package.dependencies]
isodate = {version = ">=0.7.2,<1.0.0", markers = "python_version < \"3.11\""}
pyparsing = ">=2.1.0,<4"

[package.extras]
berkeleydb = ["berkeleydb (>=18.1.0,<19.0.0)"]
html = ["html5rdf (>=1.2,<2)"]
lxml = ["lxml (>=4.3,<6.0)"]
networkx = ["networkx (>=2,<4)"]
orjson = ["orjson (>=3.9.14,<4)"]

[metadata]
lock-version = "2.1"
python-versions = ">=3.8.1,<4.0"
content-hash = "def8a3cabd19c2951a32f5b25298725e946d420057eb77c3238f36a535acd122"
