# This file is automatically @generated by Poetry 2.1.1 and should not be changed by hand.

[[package]]
name = "isodate"
version = "0.7.2"
description = "An ISO 8601 date/time/duration parser and formatter"
optional = false
python-versions = ">=3.7"
groups = ["main"]
markers = "python_version < \"3.11\""
files = [
    {file = "isodate-0.7.2-py3-none-any.whl", hash = "sha256:28009937d8031054830160fce6d409ed342816b543597cece116d966c6d99e15"},
    {file = "isodate-0.7.2.tar.gz", hash = "sha256:4cd1aa0f43ca76f4a6c6c0292a85f40b35ec2e43e315b59f06e6d32171a953e6"},
]

[[package]]
name = "oxrdflib"
version = "0.4.0"
description = "rdflib stores based on pyoxigraph"
optional = false
python-versions = ">=3.8"
groups = ["main"]
files = [
    {file = "oxrdflib-0.4.0-py3-none-any.whl", hash = "sha256:c6203636b05817e21fbe7c469154b2e312593d0801cdaa14058c2d99dcfc12a6"},
    {file = "oxrdflib-0.4.0.tar.gz", hash = "sha256:37d4c025d4e39c5e5472527c393998bfd10e5ac185a30e080b5b510f6dd7da86"},
]

[package.dependencies]
pyoxigraph = ">=0.4.2,<0.5.0"
rdflib = ">=6.3,<8.0"

[[package]]
name = "pyontoenv"
version = "0.3.0"
description = "Python bindings for the OntoEnv Rust library. Manages ontology-based environments for building knowledge graphs."
optional = false
python-versions = ">=3.9"
groups = ["main"]
files = [
    {file = "pyontoenv-0.3.0-cp312-cp312-macosx_11_0_arm64.whl", hash = "sha256:8469da90a8b1cc96ef372fb574ec977cd60bec9ea305cc08edb22105b8d48f6d"},
]

[package.dependencies]
oxrdflib = ">=0.4.0"
rdflib = ">=7.1.3"

[package.source]
type = "file"
url = "../ontoenv-rs/target/wheels/pyontoenv-0.3.0-cp312-cp312-macosx_11_0_arm64.whl"

[[package]]
name = "pyoxigraph"
version = "0.4.11"
description = "Python bindings of Oxigraph, a SPARQL database and RDF toolkit"
optional = false
python-versions = ">=3.8"
groups = ["main"]
files = [
    {file = "pyoxigraph-0.4.11-cp310-cp310-manylinux_2_17_aarch64.manylinux2014_aarch64.whl", hash = "sha256:008dd50b7dcab025d9a64df7de178220d197d684cdff3da53442ae759d8d700c"},
    {file = "pyoxigraph-0.4.11-cp310-cp310-manylinux_2_17_x86_64.manylinux2014_x86_64.whl", hash = "sha256:91e74596d0d9dc234ca77873369bb047672e38be11dfcde8b2db0fa0d0f3bd34"},
    {file = "pyoxigraph-0.4.11-cp310-cp310-musllinux_1_2_aarch64.whl", hash = "sha256:cd86f7f04624a23ccb821716ad34943d301524d266b9ac415e5f9cb4f4f339e6"},
    {file = "pyoxigraph-0.4.11-cp310-cp310-musllinux_1_2_x86_64.whl", hash = "sha256:7a0a3d84c887820473f1218e2e9633c2322eafed5e785b22a955ee0caaff882d"},
    {file = "pyoxigraph-0.4.11-cp311-cp311-manylinux_2_17_aarch64.manylinux2014_aarch64.whl", hash = "sha256:1ff9c48ebb0faa48c17691d56d0dab88fa15fadef70e494153bb1511d3fc17ab"},
    {file = "pyoxigraph-0.4.11-cp311-cp311-manylinux_2_17_x86_64.manylinux2014_x86_64.whl", hash = "sha256:9dcba1517a42a7d1a9f96b8d248579a8773e9256e35762f353207a486bdbf25b"},
    {file = "pyoxigraph-0.4.11-cp311-cp311-musllinux_1_2_aarch64.whl", hash = "sha256:6ae5f76d69498862fde26aa84ddf8d10a30478cf7f3be1fa8c82380e2f57af78"},
    {file = "pyoxigraph-0.4.11-cp311-cp311-musllinux_1_2_x86_64.whl", hash = "sha256:1e58de7bd2b1b6df2aa8a7bb95ce898c78c1309f9fb0d0658c51be38bf630620"},
    {file = "pyoxigraph-0.4.11-cp312-cp312-manylinux_2_17_aarch64.manylinux2014_aarch64.whl", hash = "sha256:cc89ed499f0816119bad6955e41db51d7ee3b79f1f78bdb32bc3b7792a21ab51"},
    {file = "pyoxigraph-0.4.11-cp312-cp312-manylinux_2_17_x86_64.manylinux2014_x86_64.whl", hash = "sha256:ec1f74e92c1ccb108e7b79bd1395cf12c1c6f9d4a3d9d2c2ddc7955e2a527c6d"},
    {file = "pyoxigraph-0.4.11-cp312-cp312-musllinux_1_2_aarch64.whl", hash = "sha256:720e15d44a33fd153f8985e242e4e428ee913087ad9582d008adf84b55e57e0f"},
    {file = "pyoxigraph-0.4.11-cp312-cp312-musllinux_1_2_x86_64.whl", hash = "sha256:63ed10e9b398718350e08b08ffa5086c1c4123c45a1440818a130bf80d9b4a50"},
    {file = "pyoxigraph-0.4.11-cp313-cp313-manylinux_2_17_aarch64.manylinux2014_aarch64.whl", hash = "sha256:6b6c280f474df35480ebcf644f5500e3ac835a8469c74ee150f3eab63c096b3b"},
    {file = "pyoxigraph-0.4.11-cp313-cp313-manylinux_2_17_x86_64.manylinux2014_x86_64.whl", hash = "sha256:b51b40fbb69ccb77875f98c48bb73338f7488c59fe7470557d2dc954f81cf0ab"},
    {file = "pyoxigraph-0.4.11-cp313-cp313-musllinux_1_2_aarch64.whl", hash = "sha256:3249aca824cf641262d7a3083281cae4bef99b5eb21149e468ca59cb2c483b4b"},
    {file = "pyoxigraph-0.4.11-cp313-cp313-musllinux_1_2_x86_64.whl", hash = "sha256:033cd1e517c218958e621845192770d6214c433e63eff5eff8b189a359b11594"},
    {file = "pyoxigraph-0.4.11-cp313-cp313-win_amd64.whl", hash = "sha256:429b0d709197b766c08f6b48d59158e878fce350a229848823781d614ad8a73e"},
    {file = "pyoxigraph-0.4.11-cp313-cp313t-manylinux_2_17_aarch64.manylinux2014_aarch64.whl", hash = "sha256:13388877324e66dfa65461800505598fb5805a625f23e14b879df4fd52444b24"},
    {file = "pyoxigraph-0.4.11-cp313-cp313t-manylinux_2_17_x86_64.manylinux2014_x86_64.whl", hash = "sha256:ae090cb684331623f7b2460620d85b20cd3a312e0a1c172ad8a6cfd3a260cfdc"},
    {file = "pyoxigraph-0.4.11-cp313-cp313t-musllinux_1_2_aarch64.whl", hash = "sha256:3dba53ac72f922607bb9db49e0f49824f74729839873b7a0d1ccf8f518cc80da"},
    {file = "pyoxigraph-0.4.11-cp313-cp313t-musllinux_1_2_x86_64.whl", hash = "sha256:5965d40cb90852225eb3957a310e359a1f024a9ab21851f0a4555bc9666edc95"},
    {file = "pyoxigraph-0.4.11-cp38-abi3-macosx_10_14_x86_64.whl", hash = "sha256:d6725d754893e81d5f397f3c6c29664b17eb52c99c9b705d4b800cc4416a53f4"},
    {file = "pyoxigraph-0.4.11-cp38-abi3-macosx_11_0_arm64.whl", hash = "sha256:b5757598733e38e3fee70513cfb38a2d10191dbbe1522af0329c70801a1f715e"},
    {file = "pyoxigraph-0.4.11-cp38-abi3-manylinux_2_17_aarch64.manylinux2014_aarch64.whl", hash = "sha256:2eaf4f7421ba2815cf9f60c7bc2379344a03afe0ef6e749df9689a2d0c970b8a"},
    {file = "pyoxigraph-0.4.11-cp38-abi3-manylinux_2_17_x86_64.manylinux2014_x86_64.whl", hash = "sha256:0826ed60ec53f3c539cdf4f2b9977089302478d02927293a09da49dedc604660"},
    {file = "pyoxigraph-0.4.11-cp38-abi3-musllinux_1_2_aarch64.whl", hash = "sha256:9322083f3854b26324f4f2aa23b0823c87802e404eb3e19d490f5d40f82a28bd"},
    {file = "pyoxigraph-0.4.11-cp38-abi3-musllinux_1_2_x86_64.whl", hash = "sha256:e035770fa70ba818073ea20de1989dc24e111f5ad93e52f44b5bd84c77d3057b"},
    {file = "pyoxigraph-0.4.11-cp38-abi3-win_amd64.whl", hash = "sha256:26d862905a378ac922dda56ff6e36b047aea106203a2b5503a6dfc5feda55273"},
    {file = "pyoxigraph-0.4.11-cp38-cp38-manylinux_2_17_aarch64.manylinux2014_aarch64.whl", hash = "sha256:86acdd2e72f42a89778d8b5837e477c8609f0c4d87f8453cb3eeb014217ba268"},
    {file = "pyoxigraph-0.4.11-cp38-cp38-manylinux_2_17_x86_64.manylinux2014_x86_64.whl", hash = "sha256:bd162020913e44088c94b566b51600d58d76ac8e7983d3001bc5e5fac667d34f"},
    {file = "pyoxigraph-0.4.11-cp38-cp38-musllinux_1_2_aarch64.whl", hash = "sha256:1d9a6fdfeb06b895767353b9837d4d822d28fcf3ecf9580eca4b38669aff4e90"},
    {file = "pyoxigraph-0.4.11-cp38-cp38-musllinux_1_2_x86_64.whl", hash = "sha256:97ab378c23e14b1465d7ad0bc4ce64ebce51cbf953ec9b9afe180fe93d1069d6"},
    {file = "pyoxigraph-0.4.11-cp39-cp39-manylinux_2_17_aarch64.manylinux2014_aarch64.whl", hash = "sha256:8abfb7ee202d7f5a7694415e3e4c782d4b376097db08d2cbc92707fd3097b1da"},
    {file = "pyoxigraph-0.4.11-cp39-cp39-manylinux_2_17_x86_64.manylinux2014_x86_64.whl", hash = "sha256:ae8b8f6fdf6613aa5d0e092e33e07279757d3b846dcf11d5c05a6aaad9d9cd06"},
    {file = "pyoxigraph-0.4.11-cp39-cp39-musllinux_1_2_aarch64.whl", hash = "sha256:cf5075d9e17ecc63ea744fc3777fbdce5c02dd66f3085202507174fff90cedcc"},
    {file = "pyoxigraph-0.4.11-cp39-cp39-musllinux_1_2_x86_64.whl", hash = "sha256:c1b5cb7ddd4434be0b835192451eb6ed3222bd2255f06c59d9f9861f60ffeb87"},
    {file = "pyoxigraph-0.4.11-pp310-pypy310_pp73-manylinux_2_17_aarch64.manylinux2014_aarch64.whl", hash = "sha256:aed2ee7b60daaf096e3c652ecb4ccdd36ec4e507194a9002b63456b25c0af5c6"},
    {file = "pyoxigraph-0.4.11-pp310-pypy310_pp73-manylinux_2_17_x86_64.manylinux2014_x86_64.whl", hash = "sha256:c8afe83fd73f9f071302f451d987991a280a9703d19508a6dbcd63e9d5222e77"},
    {file = "pyoxigraph-0.4.11-pp311-pypy311_pp73-manylinux_2_17_aarch64.manylinux2014_aarch64.whl", hash = "sha256:2dbb7dd027645ca74dfa588740e9beb8f148a19c70350eeb307448fbfd566ce5"},
    {file = "pyoxigraph-0.4.11-pp311-pypy311_pp73-manylinux_2_17_x86_64.manylinux2014_x86_64.whl", hash = "sha256:9c6c3024541bd3dd03a5c838ce2feaedbf19463232417bdbf396291c4d9d2add"},
    {file = "pyoxigraph-0.4.11-pp39-pypy39_pp73-manylinux_2_17_aarch64.manylinux2014_aarch64.whl", hash = "sha256:0ebe04cb782cc359d8c782b1c8843accf5b8568ff942bc5cf204e9e395522c65"},
    {file = "pyoxigraph-0.4.11-pp39-pypy39_pp73-manylinux_2_17_x86_64.manylinux2014_x86_64.whl", hash = "sha256:ac504982b5e6d19a51a303db9ad4913889b08b2dcd2276cc832b2f0054124f50"},
    {file = "pyoxigraph-0.4.11.tar.gz", hash = "sha256:19da535c5026eacb11140ee03e2055d8757eb0e9800e722476f52fa46fe96658"},
]

[[package]]
name = "pyparsing"
version = "3.1.4"
description = "pyparsing module - Classes and methods to define and execute parsing grammars"
optional = false
python-versions = ">=3.6.8"
groups = ["main"]
files = [
    {file = "pyparsing-3.1.4-py3-none-any.whl", hash = "sha256:a6a7ee4235a3f944aa1fa2249307708f893fe5717dc603503c6c7969c070fb7c"},
    {file = "pyparsing-3.1.4.tar.gz", hash = "sha256:f86ec8d1a83f11977c9a6ea7598e8c27fc5cddfa5b07ea2241edbbde1d7bc032"},
]

[package.extras]
diagrams = ["jinja2", "railroad-diagrams"]

[[package]]
name = "pytqshacl"
version = "140"
description = "Python wrapper around TopQuadrant SHACL processor"
optional = false
python-versions = "*"
groups = ["main"]
files = [
    {file = "pytqshacl-140-py2.py3-none-any.whl", hash = "sha256:9af70c436dd37cacae8c0c9187a01860e05bc0c50514730930a8502c36f15fb7"},
    {file = "pytqshacl-140.tar.gz", hash = "sha256:b6849b622d2e0082ee42296cc8ee5f0cea6d2290e557017e2cf5f8ef0f6665f7"},
]

[package.extras]
cli = ["fire"]
java = ["install-jdk"]

[[package]]
name = "rdflib"
version = "7.1.4"
description = "RDFLib is a Python library for working with RDF, a simple yet powerful language for representing information."
optional = false
python-versions = "<4.0.0,>=3.8.1"
groups = ["main"]
files = [
    {file = "rdflib-7.1.4-py3-none-any.whl", hash = "sha256:72f4adb1990fa5241abd22ddaf36d7cafa5d91d9ff2ba13f3086d339b213d997"},
    {file = "rdflib-7.1.4.tar.gz", hash = "sha256:fed46e24f26a788e2ab8e445f7077f00edcf95abb73bcef4b86cefa8b62dd174"},
]

[package.dependencies]
isodate = {version = ">=0.7.2,<1.0.0", markers = "python_version < \"3.11\""}
pyparsing = ">=2.1.0,<4"

[package.extras]
berkeleydb = ["berkeleydb (>=18.1.0,<19.0.0)"]
html = ["html5rdf (>=1.2,<2)"]
lxml = ["lxml (>=4.3,<6.0)"]
networkx = ["networkx (>=2,<4)"]
orjson = ["orjson (>=3.9.14,<4)"]

[metadata]
lock-version = "2.1"
python-versions = ">=3.9,<4.0"
content-hash = "525df95620c7567845052bfc0e58e601d69f01a140578351240d5f62616a151b"
